PODS:
  - Alamofire (4.9.0)
  - CocoaLumberjack (3.6.0):
    - CocoaLumberjack/Core (= 3.6.0)
  - CocoaLumberjack/Core (3.6.0)
  - SDWebImage (5.2.3):
    - SDWebImage/Core (= 5.2.3)
  - SDWebImage/Core (5.2.3)
  - SDWebImageSVGCoder (0.3.0):
    - SDWebImage/Core (~> 5.0)
    - SVGKit (>= 2.1)
  - SVGKit (2.1.1):
    - CocoaLumberjack (~> 3.0)

DEPENDENCIES:
  - Alamofire (~> 4.7)
  - SDWebImage (~> 5.0)
  - SDWebImageSVGCoder

SPEC REPOS:
  trunk:
    - Alamofire
    - CocoaLumberjack
    - SDWebImage
    - SDWebImageSVGCoder
    - SVGKit

SPEC CHECKSUMS:
  Alamofire: afc3e7c6db61476cb45cdd23fed06bad03bbc321
  CocoaLumberjack: 78b0c238666f4f58db069738ec176f4519557516
  SDWebImage: 46a7f73228f84ce80990c786e4372cf4db5875ce
  SDWebImageSVGCoder: 4b354bcdc7d74ce14d9fdb3c9ed9ab2c667f3b57
  SVGKit: 652cdf7bef8bec8564d04a8511d3ab50c7595fac

PODFILE CHECKSUM: dc7d4c482743f81965bcf2262bb6794e3defbe70

COCOAPODS: 1.8.4
