// !$*UTF8*$!
{
	archiveVersion = 1;
	classes = {
	};
	objectVersion = 50;
	objects = {

/* Begin PBXBuildFile section */
		7ECC90082370764E00F17527 /* AppDelegate.swift in Sources */ = {isa = PBXBuildFile; fileRef = 7ECC90072370764E00F17527 /* AppDelegate.swift */; };
		7ECC900A2370764E00F17527 /* SceneDelegate.swift in Sources */ = {isa = PBXBuildFile; fileRef = 7ECC90092370764E00F17527 /* SceneDelegate.swift */; };
		7ECC900C2370764E00F17527 /* ViewController.swift in Sources */ = {isa = PBXBuildFile; fileRef = 7ECC900B2370764E00F17527 /* ViewController.swift */; };
		7ECC900F2370764E00F17527 /* Main.storyboard in Resources */ = {isa = PBXBuildFile; fileRef = 7ECC900D2370764E00F17527 /* Main.storyboard */; };
		7ECC90112370765000F17527 /* Assets.xcassets in Resources */ = {isa = PBXBuildFile; fileRef = 7ECC90102370765000F17527 /* Assets.xcassets */; };
		7ECC90142370765000F17527 /* LaunchScreen.storyboard in Resources */ = {isa = PBXBuildFile; fileRef = 7ECC90122370765000F17527 /* LaunchScreen.storyboard */; };
		7ECC9022237077C300F17527 /* Media.xcassets in Resources */ = {isa = PBXBuildFile; fileRef = 7ECC9021237077C300F17527 /* Media.xcassets */; };
		7ECC9024237077C300F17527 /* ActionViewController.swift in Sources */ = {isa = PBXBuildFile; fileRef = 7ECC9023237077C300F17527 /* ActionViewController.swift */; };
		7ECC9027237077C300F17527 /* MainInterface.storyboard in Resources */ = {isa = PBXBuildFile; fileRef = 7ECC9025237077C300F17527 /* MainInterface.storyboard */; };
		7ECC902B237077C300F17527 /* Extension.appex in Embed App Extensions */ = {isa = PBXBuildFile; fileRef = 7ECC901F237077C300F17527 /* Extension.appex */; settings = {ATTRIBUTES = (RemoveHeadersOnCopy, ); }; };
		7ECC903123707A9400F17527 /* Action.js in Resources */ = {isa = PBXBuildFile; fileRef = 7ECC903023707A9400F17527 /* Action.js */; };
/* End PBXBuildFile section */

/* Begin PBXContainerItemProxy section */
		7ECC9029237077C300F17527 /* PBXContainerItemProxy */ = {
			isa = PBXContainerItemProxy;
			containerPortal = 7ECC8FFC2370764E00F17527 /* Project object */;
			proxyType = 1;
			remoteGlobalIDString = 7ECC901E237077C300F17527;
			remoteInfo = Extension;
		};
/* End PBXContainerItemProxy section */

/* Begin PBXCopyFilesBuildPhase section */
		7ECC902F237077C300F17527 /* Embed App Extensions */ = {
			isa = PBXCopyFilesBuildPhase;
			buildActionMask = 2147483647;
			dstPath = "";
			dstSubfolderSpec = 13;
			files = (
				7ECC902B237077C300F17527 /* Extension.appex in Embed App Extensions */,
			);
			name = "Embed App Extensions";
			runOnlyForDeploymentPostprocessing = 0;
		};
/* End PBXCopyFilesBuildPhase section */

/* Begin PBXFileReference section */
		7ECC90042370764E00F17527 /* Project19.app */ = {isa = PBXFileReference; explicitFileType = wrapper.application; includeInIndex = 0; path = Project19.app; sourceTree = BUILT_PRODUCTS_DIR; };
		7ECC90072370764E00F17527 /* AppDelegate.swift */ = {isa = PBXFileReference; lastKnownFileType = sourcecode.swift; path = AppDelegate.swift; sourceTree = "<group>"; };
		7ECC90092370764E00F17527 /* SceneDelegate.swift */ = {isa = PBXFileReference; lastKnownFileType = sourcecode.swift; path = SceneDelegate.swift; sourceTree = "<group>"; };
		7ECC900B2370764E00F17527 /* ViewController.swift */ = {isa = PBXFileReference; lastKnownFileType = sourcecode.swift; path = ViewController.swift; sourceTree = "<group>"; };
		7ECC900E2370764E00F17527 /* Base */ = {isa = PBXFileReference; lastKnownFileType = file.storyboard; name = Base; path = Base.lproj/Main.storyboard; sourceTree = "<group>"; };
		7ECC90102370765000F17527 /* Assets.xcassets */ = {isa = PBXFileReference; lastKnownFileType = folder.assetcatalog; path = Assets.xcassets; sourceTree = "<group>"; };
		7ECC90132370765000F17527 /* Base */ = {isa = PBXFileReference; lastKnownFileType = file.storyboard; name = Base; path = Base.lproj/LaunchScreen.storyboard; sourceTree = "<group>"; };
		7ECC90152370765000F17527 /* Info.plist */ = {isa = PBXFileReference; lastKnownFileType = text.plist.xml; path = Info.plist; sourceTree = "<group>"; };
		7ECC901F237077C300F17527 /* Extension.appex */ = {isa = PBXFileReference; explicitFileType = "wrapper.app-extension"; includeInIndex = 0; path = Extension.appex; sourceTree = BUILT_PRODUCTS_DIR; };
		7ECC9021237077C300F17527 /* Media.xcassets */ = {isa = PBXFileReference; lastKnownFileType = folder.assetcatalog; path = Media.xcassets; sourceTree = "<group>"; };
		7ECC9023237077C300F17527 /* ActionViewController.swift */ = {isa = PBXFileReference; lastKnownFileType = sourcecode.swift; path = ActionViewController.swift; sourceTree = "<group>"; };
		7ECC9026237077C300F17527 /* Base */ = {isa = PBXFileReference; lastKnownFileType = file.storyboard; name = Base; path = Base.lproj/MainInterface.storyboard; sourceTree = "<group>"; };
		7ECC9028237077C300F17527 /* Info.plist */ = {isa = PBXFileReference; lastKnownFileType = text.plist.xml; path = Info.plist; sourceTree = "<group>"; };
		7ECC903023707A9400F17527 /* Action.js */ = {isa = PBXFileReference; lastKnownFileType = sourcecode.javascript; path = Action.js; sourceTree = "<group>"; };
/* End PBXFileReference section */

/* Begin PBXFrameworksBuildPhase section */
		7ECC90012370764E00F17527 /* Frameworks */ = {
			isa = PBXFrameworksBuildPhase;
			buildActionMask = 2147483647;
			files = (
			);
			runOnlyForDeploymentPostprocessing = 0;
		};
		7ECC901C237077C300F17527 /* Frameworks */ = {
			isa = PBXFrameworksBuildPhase;
			buildActionMask = 2147483647;
			files = (
			);
			runOnlyForDeploymentPostprocessing = 0;
		};
/* End PBXFrameworksBuildPhase section */

/* Begin PBXGroup section */
		7ECC8FFB2370764E00F17527 = {
			isa = PBXGroup;
			children = (
				7ECC90062370764E00F17527 /* Project19 */,
				7ECC9020237077C300F17527 /* Extension */,
				7ECC90052370764E00F17527 /* Products */,
			);
			sourceTree = "<group>";
		};
		7ECC90052370764E00F17527 /* Products */ = {
			isa = PBXGroup;
			children = (
				7ECC90042370764E00F17527 /* Project19.app */,
				7ECC901F237077C300F17527 /* Extension.appex */,
			);
			name = Products;
			sourceTree = "<group>";
		};
		7ECC90062370764E00F17527 /* Project19 */ = {
			isa = PBXGroup;
			children = (
				7ECC90072370764E00F17527 /* AppDelegate.swift */,
				7ECC90092370764E00F17527 /* SceneDelegate.swift */,
				7ECC900B2370764E00F17527 /* ViewController.swift */,
				7ECC900D2370764E00F17527 /* Main.storyboard */,
				7ECC90102370765000F17527 /* Assets.xcassets */,
				7ECC90122370765000F17527 /* LaunchScreen.storyboard */,
				7ECC90152370765000F17527 /* Info.plist */,
			);
			path = Project19;
			sourceTree = "<group>";
		};
		7ECC9020237077C300F17527 /* Extension */ = {
			isa = PBXGroup;
			children = (
				7ECC9021237077C300F17527 /* Media.xcassets */,
				7ECC9023237077C300F17527 /* ActionViewController.swift */,
				7ECC9025237077C300F17527 /* MainInterface.storyboard */,
				7ECC9028237077C300F17527 /* Info.plist */,
				7ECC903023707A9400F17527 /* Action.js */,
			);
			path = Extension;
			sourceTree = "<group>";
		};
/* End PBXGroup section */

/* Begin PBXNativeTarget section */
		7ECC90032370764E00F17527 /* Project19 */ = {
			isa = PBXNativeTarget;
			buildConfigurationList = 7ECC90182370765000F17527 /* Build configuration list for PBXNativeTarget "Project19" */;
			buildPhases = (
				7ECC90002370764E00F17527 /* Sources */,
				7ECC90012370764E00F17527 /* Frameworks */,
				7ECC90022370764E00F17527 /* Resources */,
				7ECC902F237077C300F17527 /* Embed App Extensions */,
			);
			buildRules = (
			);
			dependencies = (
				7ECC902A237077C300F17527 /* PBXTargetDependency */,
			);
			name = Project19;
			productName = Project19;
			productReference = 7ECC90042370764E00F17527 /* Project19.app */;
			productType = "com.apple.product-type.application";
		};
		7ECC901E237077C300F17527 /* Extension */ = {
			isa = PBXNativeTarget;
			buildConfigurationList = 7ECC902C237077C300F17527 /* Build configuration list for PBXNativeTarget "Extension" */;
			buildPhases = (
				7ECC901B237077C300F17527 /* Sources */,
				7ECC901C237077C300F17527 /* Frameworks */,
				7ECC901D237077C300F17527 /* Resources */,
			);
			buildRules = (
			);
			dependencies = (
			);
			name = Extension;
			productName = Extension;
			productReference = 7ECC901F237077C300F17527 /* Extension.appex */;
			productType = "com.apple.product-type.app-extension";
		};
/* End PBXNativeTarget section */

/* Begin PBXProject section */
		7ECC8FFC2370764E00F17527 /* Project object */ = {
			isa = PBXProject;
			attributes = {
				LastSwiftUpdateCheck = 1110;
				LastUpgradeCheck = 1110;
				ORGANIZATIONNAME = "Maria Luiza Carvalho Sperotto";
				TargetAttributes = {
					7ECC90032370764E00F17527 = {
						CreatedOnToolsVersion = 11.1;
					};
					7ECC901E237077C300F17527 = {
						CreatedOnToolsVersion = 11.1;
					};
				};
			};
			buildConfigurationList = 7ECC8FFF2370764E00F17527 /* Build configuration list for PBXProject "Project19" */;
			compatibilityVersion = "Xcode 9.3";
			developmentRegion = en;
			hasScannedForEncodings = 0;
			knownRegions = (
				en,
				Base,
			);
			mainGroup = 7ECC8FFB2370764E00F17527;
			productRefGroup = 7ECC90052370764E00F17527 /* Products */;
			projectDirPath = "";
			projectRoot = "";
			targets = (
				7ECC90032370764E00F17527 /* Project19 */,
				7ECC901E237077C300F17527 /* Extension */,
			);
		};
/* End PBXProject section */

/* Begin PBXResourcesBuildPhase section */
		7ECC90022370764E00F17527 /* Resources */ = {
			isa = PBXResourcesBuildPhase;
			buildActionMask = 2147483647;
			files = (
				7ECC90142370765000F17527 /* LaunchScreen.storyboard in Resources */,
				7ECC90112370765000F17527 /* Assets.xcassets in Resources */,
				7ECC900F2370764E00F17527 /* Main.storyboard in Resources */,
			);
			runOnlyForDeploymentPostprocessing = 0;
		};
		7ECC901D237077C300F17527 /* Resources */ = {
			isa = PBXResourcesBuildPhase;
			buildActionMask = 2147483647;
			files = (
				7ECC903123707A9400F17527 /* Action.js in Resources */,
				7ECC9022237077C300F17527 /* Media.xcassets in Resources */,
				7ECC9027237077C300F17527 /* MainInterface.storyboard in Resources */,
			);
			runOnlyForDeploymentPostprocessing = 0;
		};
/* End PBXResourcesBuildPhase section */

/* Begin PBXSourcesBuildPhase section */
		7ECC90002370764E00F17527 /* Sources */ = {
			isa = PBXSourcesBuildPhase;
			buildActionMask = 2147483647;
			files = (
				7ECC900C2370764E00F17527 /* ViewController.swift in Sources */,
				7ECC90082370764E00F17527 /* AppDelegate.swift in Sources */,
				7ECC900A2370764E00F17527 /* SceneDelegate.swift in Sources */,
			);
			runOnlyForDeploymentPostprocessing = 0;
		};
		7ECC901B237077C300F17527 /* Sources */ = {
			isa = PBXSourcesBuildPhase;
			buildActionMask = 2147483647;
			files = (
				7ECC9024237077C300F17527 /* ActionViewController.swift in Sources */,
			);
			runOnlyForDeploymentPostprocessing = 0;
		};
/* End PBXSourcesBuildPhase section */

/* Begin PBXTargetDependency section */
		7ECC902A237077C300F17527 /* PBXTargetDependency */ = {
			isa = PBXTargetDependency;
			target = 7ECC901E237077C300F17527 /* Extension */;
			targetProxy = 7ECC9029237077C300F17527 /* PBXContainerItemProxy */;
		};
/* End PBXTargetDependency section */

/* Begin PBXVariantGroup section */
		7ECC900D2370764E00F17527 /* Main.storyboard */ = {
			isa = PBXVariantGroup;
			children = (
				7ECC900E2370764E00F17527 /* Base */,
			);
			name = Main.storyboard;
			sourceTree = "<group>";
		};
		7ECC90122370765000F17527 /* LaunchScreen.storyboard */ = {
			isa = PBXVariantGroup;
			children = (
				7ECC90132370765000F17527 /* Base */,
			);
			name = LaunchScreen.storyboard;
			sourceTree = "<group>";
		};
		7ECC9025237077C300F17527 /* MainInterface.storyboard */ = {
			isa = PBXVariantGroup;
			children = (
				7ECC9026237077C300F17527 /* Base */,
			);
			name = MainInterface.storyboard;
			sourceTree = "<group>";
		};
/* End PBXVariantGroup section */

/* Begin XCBuildConfiguration section */
		7ECC90162370765000F17527 /* Debug */ = {
			isa = XCBuildConfiguration;
			buildSettings = {
				ALWAYS_SEARCH_USER_PATHS = NO;
				CLANG_ANALYZER_NONNULL = YES;
				CLANG_ANALYZER_NUMBER_OBJECT_CONVERSION = YES_AGGRESSIVE;
				CLANG_CXX_LANGUAGE_STANDARD = "gnu++14";
				CLANG_CXX_LIBRARY = "libc++";
				CLANG_ENABLE_MODULES = YES;
				CLANG_ENABLE_OBJC_ARC = YES;
				CLANG_ENABLE_OBJC_WEAK = YES;
				CLANG_WARN_BLOCK_CAPTURE_AUTORELEASING = YES;
				CLANG_WARN_BOOL_CONVERSION = YES;
				CLANG_WARN_COMMA = YES;
				CLANG_WARN_CONSTANT_CONVERSION = YES;
				CLANG_WARN_DEPRECATED_OBJC_IMPLEMENTATIONS = YES;
				CLANG_WARN_DIRECT_OBJC_ISA_USAGE = YES_ERROR;
				CLANG_WARN_DOCUMENTATION_COMMENTS = YES;
				CLANG_WARN_EMPTY_BODY = YES;
				CLANG_WARN_ENUM_CONVERSION = YES;
				CLANG_WARN_INFINITE_RECURSION = YES;
				CLANG_WARN_INT_CONVERSION = YES;
				CLANG_WARN_NON_LITERAL_NULL_CONVERSION = YES;
				CLANG_WARN_OBJC_IMPLICIT_RETAIN_SELF = YES;
				CLANG_WARN_OBJC_LITERAL_CONVERSION = YES;
				CLANG_WARN_OBJC_ROOT_CLASS = YES_ERROR;
				CLANG_WARN_RANGE_LOOP_ANALYSIS = YES;
				CLANG_WARN_STRICT_PROTOTYPES = YES;
				CLANG_WARN_SUSPICIOUS_MOVE = YES;
				CLANG_WARN_UNGUARDED_AVAILABILITY = YES_AGGRESSIVE;
				CLANG_WARN_UNREACHABLE_CODE = YES;
				CLANG_WARN__DUPLICATE_METHOD_MATCH = YES;
				COPY_PHASE_STRIP = NO;
				DEBUG_INFORMATION_FORMAT = dwarf;
				ENABLE_STRICT_OBJC_MSGSEND = YES;
				ENABLE_TESTABILITY = YES;
				GCC_C_LANGUAGE_STANDARD = gnu11;
				GCC_DYNAMIC_NO_PIC = NO;
				GCC_NO_COMMON_BLOCKS = YES;
				GCC_OPTIMIZATION_LEVEL = 0;
				GCC_PREPROCESSOR_DEFINITIONS = (
					"DEBUG=1",
					"$(inherited)",
				);
				GCC_WARN_64_TO_32_BIT_CONVERSION = YES;
				GCC_WARN_ABOUT_RETURN_TYPE = YES_ERROR;
				GCC_WARN_UNDECLARED_SELECTOR = YES;
				GCC_WARN_UNINITIALIZED_AUTOS = YES_AGGRESSIVE;
				GCC_WARN_UNUSED_FUNCTION = YES;
				GCC_WARN_UNUSED_VARIABLE = YES;
				IPHONEOS_DEPLOYMENT_TARGET = 13.1;
				MTL_ENABLE_DEBUG_INFO = INCLUDE_SOURCE;
				MTL_FAST_MATH = YES;
				ONLY_ACTIVE_ARCH = YES;
				SDKROOT = iphoneos;
				SWIFT_ACTIVE_COMPILATION_CONDITIONS = DEBUG;
				SWIFT_OPTIMIZATION_LEVEL = "-Onone";
			};
			name = Debug;
		};
		7ECC90172370765000F17527 /* Release */ = {
			isa = XCBuildConfiguration;
			buildSettings = {
				ALWAYS_SEARCH_USER_PATHS = NO;
				CLANG_ANALYZER_NONNULL = YES;
				CLANG_ANALYZER_NUMBER_OBJECT_CONVERSION = YES_AGGRESSIVE;
				CLANG_CXX_LANGUAGE_STANDARD = "gnu++14";
				CLANG_CXX_LIBRARY = "libc++";
				CLANG_ENABLE_MODULES = YES;
				CLANG_ENABLE_OBJC_ARC = YES;
				CLANG_ENABLE_OBJC_WEAK = YES;
				CLANG_WARN_BLOCK_CAPTURE_AUTORELEASING = YES;
				CLANG_WARN_BOOL_CONVERSION = YES;
				CLANG_WARN_COMMA = YES;
				CLANG_WARN_CONSTANT_CONVERSION = YES;
				CLANG_WARN_DEPRECATED_OBJC_IMPLEMENTATIONS = YES;
				CLANG_WARN_DIRECT_OBJC_ISA_USAGE = YES_ERROR;
				CLANG_WARN_DOCUMENTATION_COMMENTS = YES;
				CLANG_WARN_EMPTY_BODY = YES;
				CLANG_WARN_ENUM_CONVERSION = YES;
				CLANG_WARN_INFINITE_RECURSION = YES;
				CLANG_WARN_INT_CONVERSION = YES;
				CLANG_WARN_NON_LITERAL_NULL_CONVERSION = YES;
				CLANG_WARN_OBJC_IMPLICIT_RETAIN_SELF = YES;
				CLANG_WARN_OBJC_LITERAL_CONVERSION = YES;
				CLANG_WARN_OBJC_ROOT_CLASS = YES_ERROR;
				CLANG_WARN_RANGE_LOOP_ANALYSIS = YES;
				CLANG_WARN_STRICT_PROTOTYPES = YES;
				CLANG_WARN_SUSPICIOUS_MOVE = YES;
				CLANG_WARN_UNGUARDED_AVAILABILITY = YES_AGGRESSIVE;
				CLANG_WARN_UNREACHABLE_CODE = YES;
				CLANG_WARN__DUPLICATE_METHOD_MATCH = YES;
				COPY_PHASE_STRIP = NO;
				DEBUG_INFORMATION_FORMAT = "dwarf-with-dsym";
				ENABLE_NS_ASSERTIONS = NO;
				ENABLE_STRICT_OBJC_MSGSEND = YES;
				GCC_C_LANGUAGE_STANDARD = gnu11;
				GCC_NO_COMMON_BLOCKS = YES;
				GCC_WARN_64_TO_32_BIT_CONVERSION = YES;
				GCC_WARN_ABOUT_RETURN_TYPE = YES_ERROR;
				GCC_WARN_UNDECLARED_SELECTOR = YES;
				GCC_WARN_UNINITIALIZED_AUTOS = YES_AGGRESSIVE;
				GCC_WARN_UNUSED_FUNCTION = YES;
				GCC_WARN_UNUSED_VARIABLE = YES;
				IPHONEOS_DEPLOYMENT_TARGET = 13.1;
				MTL_ENABLE_DEBUG_INFO = NO;
				MTL_FAST_MATH = YES;
				SDKROOT = iphoneos;
				SWIFT_COMPILATION_MODE = wholemodule;
				SWIFT_OPTIMIZATION_LEVEL = "-O";
				VALIDATE_PRODUCT = YES;
			};
			name = Release;
		};
		7ECC90192370765000F17527 /* Debug */ = {
			isa = XCBuildConfiguration;
			buildSettings = {
				ALWAYS_EMBED_SWIFT_STANDARD_LIBRARIES = YES;
				ASSETCATALOG_COMPILER_APPICON_NAME = AppIcon;
				CODE_SIGN_STYLE = Automatic;
				DEVELOPMENT_TEAM = Y9HQ3NPP83;
				INFOPLIST_FILE = Project19/Info.plist;
				LD_RUNPATH_SEARCH_PATHS = (
					"$(inherited)",
					"@executable_path/Frameworks",
				);
				PRODUCT_BUNDLE_IDENTIFIER = com.exemple.Project19;
				PRODUCT_NAME = "$(TARGET_NAME)";
				SWIFT_VERSION = 5.0;
				TARGETED_DEVICE_FAMILY = "1,2";
			};
			name = Debug;
		};
		7ECC901A2370765000F17527 /* Release */ = {
			isa = XCBuildConfiguration;
			buildSettings = {
				ALWAYS_EMBED_SWIFT_STANDARD_LIBRARIES = YES;
				ASSETCATALOG_COMPILER_APPICON_NAME = AppIcon;
				CODE_SIGN_STYLE = Automatic;
				DEVELOPMENT_TEAM = Y9HQ3NPP83;
				INFOPLIST_FILE = Project19/Info.plist;
				LD_RUNPATH_SEARCH_PATHS = (
					"$(inherited)",
					"@executable_path/Frameworks",
				);
				PRODUCT_BUNDLE_IDENTIFIER = com.exemple.Project19;
				PRODUCT_NAME = "$(TARGET_NAME)";
				SWIFT_VERSION = 5.0;
				TARGETED_DEVICE_FAMILY = "1,2";
			};
			name = Release;
		};
		7ECC902D237077C300F17527 /* Debug */ = {
			isa = XCBuildConfiguration;
			buildSettings = {
				CODE_SIGN_STYLE = Automatic;
				DEVELOPMENT_TEAM = Y9HQ3NPP83;
				INFOPLIST_FILE = Extension/Info.plist;
				LD_RUNPATH_SEARCH_PATHS = (
					"$(inherited)",
					"@executable_path/Frameworks",
					"@executable_path/../../Frameworks",
				);
				PRODUCT_BUNDLE_IDENTIFIER = com.exemple.Project19.Extension;
				PRODUCT_NAME = "$(TARGET_NAME)";
				SKIP_INSTALL = YES;
				SWIFT_VERSION = 5.0;
				TARGETED_DEVICE_FAMILY = "1,2";
			};
			name = Debug;
		};
		7ECC902E237077C300F17527 /* Release */ = {
			isa = XCBuildConfiguration;
			buildSettings = {
				CODE_SIGN_STYLE = Automatic;
				DEVELOPMENT_TEAM = Y9HQ3NPP83;
				INFOPLIST_FILE = Extension/Info.plist;
				LD_RUNPATH_SEARCH_PATHS = (
					"$(inherited)",
					"@executable_path/Frameworks",
					"@executable_path/../../Frameworks",
				);
				PRODUCT_BUNDLE_IDENTIFIER = com.exemple.Project19.Extension;
				PRODUCT_NAME = "$(TARGET_NAME)";
				SKIP_INSTALL = YES;
				SWIFT_VERSION = 5.0;
				TARGETED_DEVICE_FAMILY = "1,2";
			};
			name = Release;
		};
/* End XCBuildConfiguration section */

/* Begin XCConfigurationList section */
		7ECC8FFF2370764E00F17527 /* Build configuration list for PBXProject "Project19" */ = {
			isa = XCConfigurationList;
			buildConfigurations = (
				7ECC90162370765000F17527 /* Debug */,
				7ECC90172370765000F17527 /* Release */,
			);
			defaultConfigurationIsVisible = 0;
			defaultConfigurationName = Release;
		};
		7ECC90182370765000F17527 /* Build configuration list for PBXNativeTarget "Project19" */ = {
			isa = XCConfigurationList;
			buildConfigurations = (
				7ECC90192370765000F17527 /* Debug */,
				7ECC901A2370765000F17527 /* Release */,
			);
			defaultConfigurationIsVisible = 0;
			defaultConfigurationName = Release;
		};
		7ECC902C237077C300F17527 /* Build configuration list for PBXNativeTarget "Extension" */ = {
			isa = XCConfigurationList;
			buildConfigurations = (
				7ECC902D237077C300F17527 /* Debug */,
				7ECC902E237077C300F17527 /* Release */,
			);
			defaultConfigurationIsVisible = 0;
			defaultConfigurationName = Release;
		};
/* End XCConfigurationList section */
	};
	rootObject = 7ECC8FFC2370764E00F17527 /* Project object */;
}
