// !$*UTF8*$!
{
	archiveVersion = 1;
	classes = {
	};
	objectVersion = 51;
	objects = {

/* Begin PBXBuildFile section */
		4D5EC404F2BEF16E248369FA /* Pods_Milestone4.framework in Frameworks */ = {isa = PBXBuildFile; fileRef = 7D7BDB1577118B540854E2F9 /* Pods_Milestone4.framework */; };
		7E208971236730EE00580ADF /* AppDelegate.swift in Sources */ = {isa = PBXBuildFile; fileRef = 7E208970236730EE00580ADF /* AppDelegate.swift */; };
		7E208973236730EE00580ADF /* SceneDelegate.swift in Sources */ = {isa = PBXBuildFile; fileRef = 7E208972236730EE00580ADF /* SceneDelegate.swift */; };
		7E208975236730EE00580ADF /* ViewController.swift in Sources */ = {isa = PBXBuildFile; fileRef = 7E208974236730EE00580ADF /* ViewController.swift */; };
		7E208978236730EE00580ADF /* Main.storyboard in Resources */ = {isa = PBXBuildFile; fileRef = 7E208976236730EE00580ADF /* Main.storyboard */; };
		7E20897A236730F100580ADF /* Assets.xcassets in Resources */ = {isa = PBXBuildFile; fileRef = 7E208979236730F100580ADF /* Assets.xcassets */; };
		7E20897D236730F100580ADF /* LaunchScreen.storyboard in Resources */ = {isa = PBXBuildFile; fileRef = 7E20897B236730F100580ADF /* LaunchScreen.storyboard */; };
		7E208987236734CF00580ADF /* Country.swift in Sources */ = {isa = PBXBuildFile; fileRef = 7E208986236734CF00580ADF /* Country.swift */; };
		7E20898B2367431D00580ADF /* DetailViewController.swift in Sources */ = {isa = PBXBuildFile; fileRef = 7E20898A2367431D00580ADF /* DetailViewController.swift */; };
/* End PBXBuildFile section */

/* Begin PBXFileReference section */
		2DAF72EA235B9FC11DF456FA /* Pods-Milestone4.debug.xcconfig */ = {isa = PBXFileReference; includeInIndex = 1; lastKnownFileType = text.xcconfig; name = "Pods-Milestone4.debug.xcconfig"; path = "Target Support Files/Pods-Milestone4/Pods-Milestone4.debug.xcconfig"; sourceTree = "<group>"; };
		4BC4C7B90295E3E3E28637A0 /* Pods-Milestone4.release.xcconfig */ = {isa = PBXFileReference; includeInIndex = 1; lastKnownFileType = text.xcconfig; name = "Pods-Milestone4.release.xcconfig"; path = "Target Support Files/Pods-Milestone4/Pods-Milestone4.release.xcconfig"; sourceTree = "<group>"; };
		7D7BDB1577118B540854E2F9 /* Pods_Milestone4.framework */ = {isa = PBXFileReference; explicitFileType = wrapper.framework; includeInIndex = 0; path = Pods_Milestone4.framework; sourceTree = BUILT_PRODUCTS_DIR; };
		7E20896D236730EE00580ADF /* Milestone4.app */ = {isa = PBXFileReference; explicitFileType = wrapper.application; includeInIndex = 0; path = Milestone4.app; sourceTree = BUILT_PRODUCTS_DIR; };
		7E208970236730EE00580ADF /* AppDelegate.swift */ = {isa = PBXFileReference; lastKnownFileType = sourcecode.swift; path = AppDelegate.swift; sourceTree = "<group>"; };
		7E208972236730EE00580ADF /* SceneDelegate.swift */ = {isa = PBXFileReference; lastKnownFileType = sourcecode.swift; path = SceneDelegate.swift; sourceTree = "<group>"; };
		7E208974236730EE00580ADF /* ViewController.swift */ = {isa = PBXFileReference; lastKnownFileType = sourcecode.swift; path = ViewController.swift; sourceTree = "<group>"; };
		7E208977236730EE00580ADF /* Base */ = {isa = PBXFileReference; lastKnownFileType = file.storyboard; name = Base; path = Base.lproj/Main.storyboard; sourceTree = "<group>"; };
		7E208979236730F100580ADF /* Assets.xcassets */ = {isa = PBXFileReference; lastKnownFileType = folder.assetcatalog; path = Assets.xcassets; sourceTree = "<group>"; };
		7E20897C236730F100580ADF /* Base */ = {isa = PBXFileReference; lastKnownFileType = file.storyboard; name = Base; path = Base.lproj/LaunchScreen.storyboard; sourceTree = "<group>"; };
		7E20897E236730F100580ADF /* Info.plist */ = {isa = PBXFileReference; lastKnownFileType = text.plist.xml; path = Info.plist; sourceTree = "<group>"; };
		7E208986236734CF00580ADF /* Country.swift */ = {isa = PBXFileReference; lastKnownFileType = sourcecode.swift; path = Country.swift; sourceTree = "<group>"; };
		7E20898A2367431D00580ADF /* DetailViewController.swift */ = {isa = PBXFileReference; lastKnownFileType = sourcecode.swift; path = DetailViewController.swift; sourceTree = "<group>"; };
/* End PBXFileReference section */

/* Begin PBXFrameworksBuildPhase section */
		7E20896A236730EE00580ADF /* Frameworks */ = {
			isa = PBXFrameworksBuildPhase;
			buildActionMask = 2147483647;
			files = (
				4D5EC404F2BEF16E248369FA /* Pods_Milestone4.framework in Frameworks */,
			);
			runOnlyForDeploymentPostprocessing = 0;
		};
/* End PBXFrameworksBuildPhase section */

/* Begin PBXGroup section */
		291ADA0E0A4E86C058CA285D /* Frameworks */ = {
			isa = PBXGroup;
			children = (
				7D7BDB1577118B540854E2F9 /* Pods_Milestone4.framework */,
			);
			name = Frameworks;
			sourceTree = "<group>";
		};
		7E208964236730EE00580ADF = {
			isa = PBXGroup;
			children = (
				7E20896F236730EE00580ADF /* Milestone4 */,
				7E20896E236730EE00580ADF /* Products */,
				D0ED961A6D77FB2BFE17BEE3 /* Pods */,
				291ADA0E0A4E86C058CA285D /* Frameworks */,
			);
			sourceTree = "<group>";
		};
		7E20896E236730EE00580ADF /* Products */ = {
			isa = PBXGroup;
			children = (
				7E20896D236730EE00580ADF /* Milestone4.app */,
			);
			name = Products;
			sourceTree = "<group>";
		};
		7E20896F236730EE00580ADF /* Milestone4 */ = {
			isa = PBXGroup;
			children = (
				7E208970236730EE00580ADF /* AppDelegate.swift */,
				7E208972236730EE00580ADF /* SceneDelegate.swift */,
				7E208974236730EE00580ADF /* ViewController.swift */,
				7E20898A2367431D00580ADF /* DetailViewController.swift */,
				7E208976236730EE00580ADF /* Main.storyboard */,
				7E208979236730F100580ADF /* Assets.xcassets */,
				7E20897B236730F100580ADF /* LaunchScreen.storyboard */,
				7E20897E236730F100580ADF /* Info.plist */,
				7E208986236734CF00580ADF /* Country.swift */,
			);
			path = Milestone4;
			sourceTree = "<group>";
		};
		D0ED961A6D77FB2BFE17BEE3 /* Pods */ = {
			isa = PBXGroup;
			children = (
				2DAF72EA235B9FC11DF456FA /* Pods-Milestone4.debug.xcconfig */,
				4BC4C7B90295E3E3E28637A0 /* Pods-Milestone4.release.xcconfig */,
			);
			path = Pods;
			sourceTree = "<group>";
		};
/* End PBXGroup section */

/* Begin PBXNativeTarget section */
		7E20896C236730EE00580ADF /* Milestone4 */ = {
			isa = PBXNativeTarget;
			buildConfigurationList = 7E208981236730F100580ADF /* Build configuration list for PBXNativeTarget "Milestone4" */;
			buildPhases = (
				95A862E8979D813E344FBF27 /* [CP] Check Pods Manifest.lock */,
				7E208969236730EE00580ADF /* Sources */,
				7E20896A236730EE00580ADF /* Frameworks */,
				7E20896B236730EE00580ADF /* Resources */,
				B5CD9EB8E5B768CC3D0A53F4 /* [CP] Embed Pods Frameworks */,
			);
			buildRules = (
			);
			dependencies = (
			);
			name = Milestone4;
			productName = Milestone4;
			productReference = 7E20896D236730EE00580ADF /* Milestone4.app */;
			productType = "com.apple.product-type.application";
		};
/* End PBXNativeTarget section */

/* Begin PBXProject section */
		7E208965236730EE00580ADF /* Project object */ = {
			isa = PBXProject;
			attributes = {
				LastSwiftUpdateCheck = 1110;
				LastUpgradeCheck = 1110;
				ORGANIZATIONNAME = "Maria Luiza Carvalho Sperotto";
				TargetAttributes = {
					7E20896C236730EE00580ADF = {
						CreatedOnToolsVersion = 11.1;
					};
				};
			};
			buildConfigurationList = 7E208968236730EE00580ADF /* Build configuration list for PBXProject "Milestone4" */;
			compatibilityVersion = "Xcode 9.3";
			developmentRegion = en;
			hasScannedForEncodings = 0;
			knownRegions = (
				en,
				Base,
			);
			mainGroup = 7E208964236730EE00580ADF;
			productRefGroup = 7E20896E236730EE00580ADF /* Products */;
			projectDirPath = "";
			projectRoot = "";
			targets = (
				7E20896C236730EE00580ADF /* Milestone4 */,
			);
		};
/* End PBXProject section */

/* Begin PBXResourcesBuildPhase section */
		7E20896B236730EE00580ADF /* Resources */ = {
			isa = PBXResourcesBuildPhase;
			buildActionMask = 2147483647;
			files = (
				7E20897D236730F100580ADF /* LaunchScreen.storyboard in Resources */,
				7E20897A236730F100580ADF /* Assets.xcassets in Resources */,
				7E208978236730EE00580ADF /* Main.storyboard in Resources */,
			);
			runOnlyForDeploymentPostprocessing = 0;
		};
/* End PBXResourcesBuildPhase section */

/* Begin PBXShellScriptBuildPhase section */
		95A862E8979D813E344FBF27 /* [CP] Check Pods Manifest.lock */ = {
			isa = PBXShellScriptBuildPhase;
			buildActionMask = 2147483647;
			files = (
			);
			inputFileListPaths = (
			);
			inputPaths = (
				"${PODS_PODFILE_DIR_PATH}/Podfile.lock",
				"${PODS_ROOT}/Manifest.lock",
			);
			name = "[CP] Check Pods Manifest.lock";
			outputFileListPaths = (
			);
			outputPaths = (
				"$(DERIVED_FILE_DIR)/Pods-Milestone4-checkManifestLockResult.txt",
			);
			runOnlyForDeploymentPostprocessing = 0;
			shellPath = /bin/sh;
			shellScript = "diff \"${PODS_PODFILE_DIR_PATH}/Podfile.lock\" \"${PODS_ROOT}/Manifest.lock\" > /dev/null\nif [ $? != 0 ] ; then\n    # print error to STDERR\n    echo \"error: The sandbox is not in sync with the Podfile.lock. Run 'pod install' or update your CocoaPods installation.\" >&2\n    exit 1\nfi\n# This output is used by Xcode 'outputs' to avoid re-running this script phase.\necho \"SUCCESS\" > \"${SCRIPT_OUTPUT_FILE_0}\"\n";
			showEnvVarsInLog = 0;
		};
		B5CD9EB8E5B768CC3D0A53F4 /* [CP] Embed Pods Frameworks */ = {
			isa = PBXShellScriptBuildPhase;
			buildActionMask = 2147483647;
			files = (
			);
			inputFileListPaths = (
				"${PODS_ROOT}/Target Support Files/Pods-Milestone4/Pods-Milestone4-frameworks-${CONFIGURATION}-input-files.xcfilelist",
			);
			name = "[CP] Embed Pods Frameworks";
			outputFileListPaths = (
				"${PODS_ROOT}/Target Support Files/Pods-Milestone4/Pods-Milestone4-frameworks-${CONFIGURATION}-output-files.xcfilelist",
			);
			runOnlyForDeploymentPostprocessing = 0;
			shellPath = /bin/sh;
			shellScript = "\"${PODS_ROOT}/Target Support Files/Pods-Milestone4/Pods-Milestone4-frameworks.sh\"\n";
			showEnvVarsInLog = 0;
		};
/* End PBXShellScriptBuildPhase section */

/* Begin PBXSourcesBuildPhase section */
		7E208969236730EE00580ADF /* Sources */ = {
			isa = PBXSourcesBuildPhase;
			buildActionMask = 2147483647;
			files = (
				7E208987236734CF00580ADF /* Country.swift in Sources */,
				7E208975236730EE00580ADF /* ViewController.swift in Sources */,
				7E20898B2367431D00580ADF /* DetailViewController.swift in Sources */,
				7E208971236730EE00580ADF /* AppDelegate.swift in Sources */,
				7E208973236730EE00580ADF /* SceneDelegate.swift in Sources */,
			);
			runOnlyForDeploymentPostprocessing = 0;
		};
/* End PBXSourcesBuildPhase section */

/* Begin PBXVariantGroup section */
		7E208976236730EE00580ADF /* Main.storyboard */ = {
			isa = PBXVariantGroup;
			children = (
				7E208977236730EE00580ADF /* Base */,
			);
			name = Main.storyboard;
			sourceTree = "<group>";
		};
		7E20897B236730F100580ADF /* LaunchScreen.storyboard */ = {
			isa = PBXVariantGroup;
			children = (
				7E20897C236730F100580ADF /* Base */,
			);
			name = LaunchScreen.storyboard;
			sourceTree = "<group>";
		};
/* End PBXVariantGroup section */

/* Begin XCBuildConfiguration section */
		7E20897F236730F100580ADF /* Debug */ = {
			isa = XCBuildConfiguration;
			buildSettings = {
				ALWAYS_SEARCH_USER_PATHS = NO;
				CLANG_ANALYZER_NONNULL = YES;
				CLANG_ANALYZER_NUMBER_OBJECT_CONVERSION = YES_AGGRESSIVE;
				CLANG_CXX_LANGUAGE_STANDARD = "gnu++14";
				CLANG_CXX_LIBRARY = "libc++";
				CLANG_ENABLE_MODULES = YES;
				CLANG_ENABLE_OBJC_ARC = YES;
				CLANG_ENABLE_OBJC_WEAK = YES;
				CLANG_WARN_BLOCK_CAPTURE_AUTORELEASING = YES;
				CLANG_WARN_BOOL_CONVERSION = YES;
				CLANG_WARN_COMMA = YES;
				CLANG_WARN_CONSTANT_CONVERSION = YES;
				CLANG_WARN_DEPRECATED_OBJC_IMPLEMENTATIONS = YES;
				CLANG_WARN_DIRECT_OBJC_ISA_USAGE = YES_ERROR;
				CLANG_WARN_DOCUMENTATION_COMMENTS = YES;
				CLANG_WARN_EMPTY_BODY = YES;
				CLANG_WARN_ENUM_CONVERSION = YES;
				CLANG_WARN_INFINITE_RECURSION = YES;
				CLANG_WARN_INT_CONVERSION = YES;
				CLANG_WARN_NON_LITERAL_NULL_CONVERSION = YES;
				CLANG_WARN_OBJC_IMPLICIT_RETAIN_SELF = YES;
				CLANG_WARN_OBJC_LITERAL_CONVERSION = YES;
				CLANG_WARN_OBJC_ROOT_CLASS = YES_ERROR;
				CLANG_WARN_RANGE_LOOP_ANALYSIS = YES;
				CLANG_WARN_STRICT_PROTOTYPES = YES;
				CLANG_WARN_SUSPICIOUS_MOVE = YES;
				CLANG_WARN_UNGUARDED_AVAILABILITY = YES_AGGRESSIVE;
				CLANG_WARN_UNREACHABLE_CODE = YES;
				CLANG_WARN__DUPLICATE_METHOD_MATCH = YES;
				COPY_PHASE_STRIP = NO;
				DEBUG_INFORMATION_FORMAT = dwarf;
				ENABLE_STRICT_OBJC_MSGSEND = YES;
				ENABLE_TESTABILITY = YES;
				GCC_C_LANGUAGE_STANDARD = gnu11;
				GCC_DYNAMIC_NO_PIC = NO;
				GCC_NO_COMMON_BLOCKS = YES;
				GCC_OPTIMIZATION_LEVEL = 0;
				GCC_PREPROCESSOR_DEFINITIONS = (
					"DEBUG=1",
					"$(inherited)",
				);
				GCC_WARN_64_TO_32_BIT_CONVERSION = YES;
				GCC_WARN_ABOUT_RETURN_TYPE = YES_ERROR;
				GCC_WARN_UNDECLARED_SELECTOR = YES;
				GCC_WARN_UNINITIALIZED_AUTOS = YES_AGGRESSIVE;
				GCC_WARN_UNUSED_FUNCTION = YES;
				GCC_WARN_UNUSED_VARIABLE = YES;
				IPHONEOS_DEPLOYMENT_TARGET = 13.1;
				MTL_ENABLE_DEBUG_INFO = INCLUDE_SOURCE;
				MTL_FAST_MATH = YES;
				ONLY_ACTIVE_ARCH = YES;
				SDKROOT = iphoneos;
				SWIFT_ACTIVE_COMPILATION_CONDITIONS = DEBUG;
				SWIFT_OPTIMIZATION_LEVEL = "-Onone";
			};
			name = Debug;
		};
		7E208980236730F100580ADF /* Release */ = {
			isa = XCBuildConfiguration;
			buildSettings = {
				ALWAYS_SEARCH_USER_PATHS = NO;
				CLANG_ANALYZER_NONNULL = YES;
				CLANG_ANALYZER_NUMBER_OBJECT_CONVERSION = YES_AGGRESSIVE;
				CLANG_CXX_LANGUAGE_STANDARD = "gnu++14";
				CLANG_CXX_LIBRARY = "libc++";
				CLANG_ENABLE_MODULES = YES;
				CLANG_ENABLE_OBJC_ARC = YES;
				CLANG_ENABLE_OBJC_WEAK = YES;
				CLANG_WARN_BLOCK_CAPTURE_AUTORELEASING = YES;
				CLANG_WARN_BOOL_CONVERSION = YES;
				CLANG_WARN_COMMA = YES;
				CLANG_WARN_CONSTANT_CONVERSION = YES;
				CLANG_WARN_DEPRECATED_OBJC_IMPLEMENTATIONS = YES;
				CLANG_WARN_DIRECT_OBJC_ISA_USAGE = YES_ERROR;
				CLANG_WARN_DOCUMENTATION_COMMENTS = YES;
				CLANG_WARN_EMPTY_BODY = YES;
				CLANG_WARN_ENUM_CONVERSION = YES;
				CLANG_WARN_INFINITE_RECURSION = YES;
				CLANG_WARN_INT_CONVERSION = YES;
				CLANG_WARN_NON_LITERAL_NULL_CONVERSION = YES;
				CLANG_WARN_OBJC_IMPLICIT_RETAIN_SELF = YES;
				CLANG_WARN_OBJC_LITERAL_CONVERSION = YES;
				CLANG_WARN_OBJC_ROOT_CLASS = YES_ERROR;
				CLANG_WARN_RANGE_LOOP_ANALYSIS = YES;
				CLANG_WARN_STRICT_PROTOTYPES = YES;
				CLANG_WARN_SUSPICIOUS_MOVE = YES;
				CLANG_WARN_UNGUARDED_AVAILABILITY = YES_AGGRESSIVE;
				CLANG_WARN_UNREACHABLE_CODE = YES;
				CLANG_WARN__DUPLICATE_METHOD_MATCH = YES;
				COPY_PHASE_STRIP = NO;
				DEBUG_INFORMATION_FORMAT = "dwarf-with-dsym";
				ENABLE_NS_ASSERTIONS = NO;
				ENABLE_STRICT_OBJC_MSGSEND = YES;
				GCC_C_LANGUAGE_STANDARD = gnu11;
				GCC_NO_COMMON_BLOCKS = YES;
				GCC_WARN_64_TO_32_BIT_CONVERSION = YES;
				GCC_WARN_ABOUT_RETURN_TYPE = YES_ERROR;
				GCC_WARN_UNDECLARED_SELECTOR = YES;
				GCC_WARN_UNINITIALIZED_AUTOS = YES_AGGRESSIVE;
				GCC_WARN_UNUSED_FUNCTION = YES;
				GCC_WARN_UNUSED_VARIABLE = YES;
				IPHONEOS_DEPLOYMENT_TARGET = 13.1;
				MTL_ENABLE_DEBUG_INFO = NO;
				MTL_FAST_MATH = YES;
				SDKROOT = iphoneos;
				SWIFT_COMPILATION_MODE = wholemodule;
				SWIFT_OPTIMIZATION_LEVEL = "-O";
				VALIDATE_PRODUCT = YES;
			};
			name = Release;
		};
		7E208982236730F100580ADF /* Debug */ = {
			isa = XCBuildConfiguration;
			baseConfigurationReference = 2DAF72EA235B9FC11DF456FA /* Pods-Milestone4.debug.xcconfig */;
			buildSettings = {
				ASSETCATALOG_COMPILER_APPICON_NAME = AppIcon;
				CODE_SIGN_STYLE = Automatic;
				DEVELOPMENT_TEAM = Y9HQ3NPP83;
				INFOPLIST_FILE = Milestone4/Info.plist;
				LD_RUNPATH_SEARCH_PATHS = (
					"$(inherited)",
					"@executable_path/Frameworks",
				);
				PRODUCT_BUNDLE_IDENTIFIER = com.exemple.Milestone4;
				PRODUCT_NAME = "$(TARGET_NAME)";
				SWIFT_VERSION = 5.0;
				TARGETED_DEVICE_FAMILY = "1,2";
			};
			name = Debug;
		};
		7E208983236730F100580ADF /* Release */ = {
			isa = XCBuildConfiguration;
			baseConfigurationReference = 4BC4C7B90295E3E3E28637A0 /* Pods-Milestone4.release.xcconfig */;
			buildSettings = {
				ASSETCATALOG_COMPILER_APPICON_NAME = AppIcon;
				CODE_SIGN_STYLE = Automatic;
				DEVELOPMENT_TEAM = Y9HQ3NPP83;
				INFOPLIST_FILE = Milestone4/Info.plist;
				LD_RUNPATH_SEARCH_PATHS = (
					"$(inherited)",
					"@executable_path/Frameworks",
				);
				PRODUCT_BUNDLE_IDENTIFIER = com.exemple.Milestone4;
				PRODUCT_NAME = "$(TARGET_NAME)";
				SWIFT_VERSION = 5.0;
				TARGETED_DEVICE_FAMILY = "1,2";
			};
			name = Release;
		};
/* End XCBuildConfiguration section */

/* Begin XCConfigurationList section */
		7E208968236730EE00580ADF /* Build configuration list for PBXProject "Milestone4" */ = {
			isa = XCConfigurationList;
			buildConfigurations = (
				7E20897F236730F100580ADF /* Debug */,
				7E208980236730F100580ADF /* Release */,
			);
			defaultConfigurationIsVisible = 0;
			defaultConfigurationName = Release;
		};
		7E208981236730F100580ADF /* Build configuration list for PBXNativeTarget "Milestone4" */ = {
			isa = XCConfigurationList;
			buildConfigurations = (
				7E208982236730F100580ADF /* Debug */,
				7E208983236730F100580ADF /* Release */,
			);
			defaultConfigurationIsVisible = 0;
			defaultConfigurationName = Release;
		};
/* End XCConfigurationList section */
	};
	rootObject = 7E208965236730EE00580ADF /* Project object */;
}
